
Microsoft Visual Studio Solution File, Format Version 12.00
# Visual Studio Version 16
VisualStudioVersion = 16.0.31410.357
MinimumVisualStudioVersion = 10.0.40219.1
Project("{FAE04EC0-301F-11D3-BF4B-00C04F79EFBC}") = "Fibonacci numbers", "Fibonacci numbers\Fibonacci numbers.csproj", "{CA3D1C32-A5FE-442D-B86E-C2BC87AEBC9E}"
EndProject
Global
	GlobalSection(SolutionConfigurationPlatforms) = preSolution
		Debug|Any CPU = Debug|Any CPU
		Release|Any CPU = Release|Any CPU
	EndGlobalSection
	GlobalSection(ProjectConfigurationPlatforms) = postSolution
		{CA3D1C32-A5FE-442D-B86E-C2BC87AEBC9E}.Debug|Any CPU.ActiveCfg = Debug|Any CPU
		{CA3D1C32-A5FE-442D-B86E-C2BC87AEBC9E}.Debug|Any CPU.Build.0 = Debug|Any CPU
		{CA3D1C32-A5FE-442D-B86E-C2BC87AEBC9E}.Release|Any CPU.ActiveCfg = Release|Any CPU
		{CA3D1C32-A5FE-442D-B86E-C2BC87AEBC9E}.Release|Any CPU.Build.0 = Release|Any CPU
	EndGlobalSection
	GlobalSection(SolutionProperties) = preSolution
		HideSolutionNode = FALSE
	EndGlobalSection
	GlobalSection(ExtensibilityGlobals) = postSolution
		SolutionGuid = {CC4B4803-523F-48AC-B733-94D8030B4C81}
	EndGlobalSection
EndGlobal
